PODS:
  - lottie-ios (4.2.0)
  - SDWebImage (5.15.8):
    - SDWebImage/Core (= 5.15.8)
  - SDWebImage/Core (5.15.8)
  - youtube-ios-player-helper (1.0.4)

DEPENDENCIES:
  - lottie-ios
  - SDWebImage
  - youtube-ios-player-helper

SPEC REPOS:
  trunk:
    - lottie-ios
    - SDWebImage
    - youtube-ios-player-helper

SPEC CHECKSUMS:
  lottie-ios: 809ecf2d460ed650a6aed7aa88b2ec45fab4779c
  SDWebImage: cb032eba469c54e0000e78bcb0a13cdde0a52798
  youtube-ios-player-helper: e9b97535e816db3152179d84d999bc1807ecd689

PODFILE CHECKSUM: 50e827b410ebe9856132c24cca82da9dbb6b7f51

COCOAPODS: 1.12.1
